
Microsoft Visual Studio Solution File, Format Version 12.00
# Visual Studio Version 16
VisualStudioVersion = 16.0.30621.155
MinimumVisualStudioVersion = 10.0.40219.1
Project("{FAE04EC0-301F-11D3-BF4B-00C04F79EFBC}") = "Funeral.Web", "Funeral\Funeral.Web.csproj", "{D6DF5E1D-74F7-4E54-A5AF-E6E1BEA1A460}"
EndProject
Project("{FAE04EC0-301F-11D3-BF4B-00C04F79EFBC}") = "Funeral.App", "Funeral.App\Funeral.App.csproj", "{F12952E3-0C4D-4859-A03C-30A75A80D863}"
EndProject
Global
	GlobalSection(SolutionConfigurationPlatforms) = preSolution
		Debug|Any CPU = Debug|Any CPU
		Release|Any CPU = Release|Any CPU
	EndGlobalSection
	GlobalSection(ProjectConfigurationPlatforms) = postSolution
		{D6DF5E1D-74F7-4E54-A5AF-E6E1BEA1A460}.Debug|Any CPU.ActiveCfg = Debug|Any CPU
		{D6DF5E1D-74F7-4E54-A5AF-E6E1BEA1A460}.Debug|Any CPU.Build.0 = Debug|Any CPU
		{D6DF5E1D-74F7-4E54-A5AF-E6E1BEA1A460}.Release|Any CPU.ActiveCfg = Release|Any CPU
		{D6DF5E1D-74F7-4E54-A5AF-E6E1BEA1A460}.Release|Any CPU.Build.0 = Release|Any CPU
		{F12952E3-0C4D-4859-A03C-30A75A80D863}.Debug|Any CPU.ActiveCfg = Debug|Any CPU
		{F12952E3-0C4D-4859-A03C-30A75A80D863}.Debug|Any CPU.Build.0 = Debug|Any CPU
		{F12952E3-0C4D-4859-A03C-30A75A80D863}.Release|Any CPU.ActiveCfg = Release|Any CPU
		{F12952E3-0C4D-4859-A03C-30A75A80D863}.Release|Any CPU.Build.0 = Release|Any CPU
	EndGlobalSection
	GlobalSection(SolutionProperties) = preSolution
		HideSolutionNode = FALSE
	EndGlobalSection
	GlobalSection(ExtensibilityGlobals) = postSolution
		SolutionGuid = {0FCD9F34-FE95-4EAF-A2AE-08E79E9878CD}
	EndGlobalSection
EndGlobal
